
Microsoft Visual Studio Solution File, Format Version 12.00
# Visual Studio Version 16
VisualStudioVersion = 16.0.30621.155
MinimumVisualStudioVersion = 10.0.40219.1
Project("{9A19103F-16F7-4668-BE54-9A1E7A4F7556}") = "CSharp9.Features.InitOnlySetters", "CSharp9.Features.InitOnlySetters\CSharp9.Features.InitOnlySetters.csproj", "{AD02FFD2-CD83-4B24-BA10-37E3DB5E8356}"
EndProject
Project("{9A19103F-16F7-4668-BE54-9A1E7A4F7556}") = "CSharo9.Features.TargetTypedNewExpressions", "CSharo9.Features.TargetTypedNewExpressions\CSharo9.Features.TargetTypedNewExpressions.csproj", "{FCDA68A0-CEE5-4358-8CD8-1241B8570AED}"
EndProject
Project("{FAE04EC0-301F-11D3-BF4B-00C04F79EFBC}") = "CSharp9.Features.TopLevelPrograms", "CSharp9.Features.TopLevelPrograms\CSharp9.Features.TopLevelPrograms.csproj", "{1265F94E-A8A5-4D1B-A506-7AEAE4D847B5}"
EndProject
Global
	GlobalSection(SolutionConfigurationPlatforms) = preSolution
		Debug|Any CPU = Debug|Any CPU
		Release|Any CPU = Release|Any CPU
	EndGlobalSection
	GlobalSection(ProjectConfigurationPlatforms) = postSolution
		{AD02FFD2-CD83-4B24-BA10-37E3DB5E8356}.Debug|Any CPU.ActiveCfg = Debug|Any CPU
		{AD02FFD2-CD83-4B24-BA10-37E3DB5E8356}.Debug|Any CPU.Build.0 = Debug|Any CPU
		{AD02FFD2-CD83-4B24-BA10-37E3DB5E8356}.Release|Any CPU.ActiveCfg = Release|Any CPU
		{AD02FFD2-CD83-4B24-BA10-37E3DB5E8356}.Release|Any CPU.Build.0 = Release|Any CPU
		{FCDA68A0-CEE5-4358-8CD8-1241B8570AED}.Debug|Any CPU.ActiveCfg = Debug|Any CPU
		{FCDA68A0-CEE5-4358-8CD8-1241B8570AED}.Debug|Any CPU.Build.0 = Debug|Any CPU
		{FCDA68A0-CEE5-4358-8CD8-1241B8570AED}.Release|Any CPU.ActiveCfg = Release|Any CPU
		{FCDA68A0-CEE5-4358-8CD8-1241B8570AED}.Release|Any CPU.Build.0 = Release|Any CPU
		{1265F94E-A8A5-4D1B-A506-7AEAE4D847B5}.Debug|Any CPU.ActiveCfg = Debug|Any CPU
		{1265F94E-A8A5-4D1B-A506-7AEAE4D847B5}.Debug|Any CPU.Build.0 = Debug|Any CPU
		{1265F94E-A8A5-4D1B-A506-7AEAE4D847B5}.Release|Any CPU.ActiveCfg = Release|Any CPU
		{1265F94E-A8A5-4D1B-A506-7AEAE4D847B5}.Release|Any CPU.Build.0 = Release|Any CPU
	EndGlobalSection
	GlobalSection(SolutionProperties) = preSolution
		HideSolutionNode = FALSE
	EndGlobalSection
	GlobalSection(ExtensibilityGlobals) = postSolution
		SolutionGuid = {E06D4EC6-D36E-4D0B-9792-E93FD8C7D8AB}
	EndGlobalSection
EndGlobal
